
Microsoft Visual Studio Solution File, Format Version 12.00
# Visual Studio 2013
VisualStudioVersion = 12.0.40629.0
MinimumVisualStudioVersion = 10.0.40219.1
Project("{2150E333-8FDC-42A3-9474-1A3956D46DE8}") = "SvgWin2D", "SvgWin2D", "{E77879B3-BBCA-404D-A417-9033C0059CE2}"
EndProject
Project("{8BC9CEB8-8B4A-11D0-8D11-00A0C91BC942}") = "SvgWin2D.Shared", "SvgWin2D\SvgWin2D.Shared\SvgWin2D.Shared.vcxitems", "{1E449FD2-E101-42CA-8168-54999A48A511}"
EndProject
Project("{8BC9CEB8-8B4A-11D0-8D11-00A0C91BC942}") = "SvgWin2D.Windows", "SvgWin2D\SvgWin2D.Windows\SvgWin2D.Windows.vcxproj", "{7AAD1116-CF26-42E2-842B-0400748F47AF}"
EndProject
Project("{8BC9CEB8-8B4A-11D0-8D11-00A0C91BC942}") = "SvgWin2D.WindowsPhone", "SvgWin2D\SvgWin2D.WindowsPhone\SvgWin2D.WindowsPhone.vcxproj", "{3F8E6CEA-EBDE-42C5-935B-07D5008B96CC}"
EndProject
Project("{2150E333-8FDC-42A3-9474-1A3956D46DE8}") = "Demo", "Demo", "{8F669256-A076-462B-9CF5-E225CDD8C46C}"
EndProject
Project("{D954291E-2A0B-460D-934E-DC6B0785DB48}") = "Demo.Shared", "Demo\Demo.Shared\Demo.Shared.shproj", "{46845B3B-8F2F-48E0-98ED-5418CB091D6D}"
EndProject
Project("{FAE04EC0-301F-11D3-BF4B-00C04F79EFBC}") = "Demo.Windows", "Demo\Demo.Windows\Demo.Windows.csproj", "{A5B4DD0C-FD94-4FEE-858C-42E982977AA3}"
EndProject
Project("{FAE04EC0-301F-11D3-BF4B-00C04F79EFBC}") = "Demo.WindowsPhone", "Demo\Demo.WindowsPhone\Demo.WindowsPhone.csproj", "{04502B05-6C7F-44FF-B53A-516B8FBF8A2E}"
EndProject
Global
	GlobalSection(SharedMSBuildProjectFiles) = preSolution
		Demo\Demo.Shared\Demo.Shared.projitems*{46845b3b-8f2f-48e0-98ed-5418cb091d6d}*SharedItemsImports = 13
		SvgWin2D\SvgWin2D.Shared\SvgWin2D.Shared.vcxitems*{1e449fd2-e101-42ca-8168-54999a48a511}*SharedItemsImports = 9
		SvgWin2D\SvgWin2D.Shared\SvgWin2D.Shared.vcxitems*{7aad1116-cf26-42e2-842b-0400748f47af}*SharedItemsImports = 4
		SvgWin2D\SvgWin2D.Shared\SvgWin2D.Shared.vcxitems*{3f8e6cea-ebde-42c5-935b-07d5008b96cc}*SharedItemsImports = 4
		Demo\Demo.Shared\Demo.Shared.projitems*{a5b4dd0c-fd94-4fee-858c-42e982977aa3}*SharedItemsImports = 4
		Demo\Demo.Shared\Demo.Shared.projitems*{04502b05-6c7f-44ff-b53a-516b8fbf8a2e}*SharedItemsImports = 4
	EndGlobalSection
	GlobalSection(SolutionConfigurationPlatforms) = preSolution
		Debug|ARM = Debug|ARM
		Debug|Win32 = Debug|Win32
		Debug|x64 = Debug|x64
		Debug|x86 = Debug|x86
		Release|ARM = Release|ARM
		Release|Win32 = Release|Win32
		Release|x64 = Release|x64
		Release|x86 = Release|x86
	EndGlobalSection
	GlobalSection(ProjectConfigurationPlatforms) = postSolution
		{7AAD1116-CF26-42E2-842B-0400748F47AF}.Debug|ARM.ActiveCfg = Debug|ARM
		{7AAD1116-CF26-42E2-842B-0400748F47AF}.Debug|ARM.Build.0 = Debug|ARM
		{7AAD1116-CF26-42E2-842B-0400748F47AF}.Debug|Win32.ActiveCfg = Debug|Win32
		{7AAD1116-CF26-42E2-842B-0400748F47AF}.Debug|Win32.Build.0 = Debug|Win32
		{7AAD1116-CF26-42E2-842B-0400748F47AF}.Debug|x64.ActiveCfg = Debug|x64
		{7AAD1116-CF26-42E2-842B-0400748F47AF}.Debug|x64.Build.0 = Debug|x64
		{7AAD1116-CF26-42E2-842B-0400748F47AF}.Debug|x86.ActiveCfg = Debug|Win32
		{7AAD1116-CF26-42E2-842B-0400748F47AF}.Debug|x86.Build.0 = Debug|Win32
		{7AAD1116-CF26-42E2-842B-0400748F47AF}.Release|ARM.ActiveCfg = Release|ARM
		{7AAD1116-CF26-42E2-842B-0400748F47AF}.Release|ARM.Build.0 = Release|ARM
		{7AAD1116-CF26-42E2-842B-0400748F47AF}.Release|Win32.ActiveCfg = Release|Win32
		{7AAD1116-CF26-42E2-842B-0400748F47AF}.Release|Win32.Build.0 = Release|Win32
		{7AAD1116-CF26-42E2-842B-0400748F47AF}.Release|x64.ActiveCfg = Release|x64
		{7AAD1116-CF26-42E2-842B-0400748F47AF}.Release|x64.Build.0 = Release|x64
		{7AAD1116-CF26-42E2-842B-0400748F47AF}.Release|x86.ActiveCfg = Release|Win32
		{7AAD1116-CF26-42E2-842B-0400748F47AF}.Release|x86.Build.0 = Release|Win32
		{3F8E6CEA-EBDE-42C5-935B-07D5008B96CC}.Debug|ARM.ActiveCfg = Debug|ARM
		{3F8E6CEA-EBDE-42C5-935B-07D5008B96CC}.Debug|ARM.Build.0 = Debug|ARM
		{3F8E6CEA-EBDE-42C5-935B-07D5008B96CC}.Debug|Win32.ActiveCfg = Debug|Win32
		{3F8E6CEA-EBDE-42C5-935B-07D5008B96CC}.Debug|Win32.Build.0 = Debug|Win32
		{3F8E6CEA-EBDE-42C5-935B-07D5008B96CC}.Debug|x64.ActiveCfg = Debug|Win32
		{3F8E6CEA-EBDE-42C5-935B-07D5008B96CC}.Debug|x86.ActiveCfg = Debug|Win32
		{3F8E6CEA-EBDE-42C5-935B-07D5008B96CC}.Debug|x86.Build.0 = Debug|Win32
		{3F8E6CEA-EBDE-42C5-935B-07D5008B96CC}.Release|ARM.ActiveCfg = Release|ARM
		{3F8E6CEA-EBDE-42C5-935B-07D5008B96CC}.Release|ARM.Build.0 = Release|ARM
		{3F8E6CEA-EBDE-42C5-935B-07D5008B96CC}.Release|Win32.ActiveCfg = Release|Win32
		{3F8E6CEA-EBDE-42C5-935B-07D5008B96CC}.Release|Win32.Build.0 = Release|Win32
		{3F8E6CEA-EBDE-42C5-935B-07D5008B96CC}.Release|x64.ActiveCfg = Release|Win32
		{3F8E6CEA-EBDE-42C5-935B-07D5008B96CC}.Release|x86.ActiveCfg = Release|Win32
		{3F8E6CEA-EBDE-42C5-935B-07D5008B96CC}.Release|x86.Build.0 = Release|Win32
		{A5B4DD0C-FD94-4FEE-858C-42E982977AA3}.Debug|ARM.ActiveCfg = Debug|ARM
		{A5B4DD0C-FD94-4FEE-858C-42E982977AA3}.Debug|ARM.Build.0 = Debug|ARM
		{A5B4DD0C-FD94-4FEE-858C-42E982977AA3}.Debug|ARM.Deploy.0 = Debug|ARM
		{A5B4DD0C-FD94-4FEE-858C-42E982977AA3}.Debug|Win32.ActiveCfg = Debug|x86
		{A5B4DD0C-FD94-4FEE-858C-42E982977AA3}.Debug|Win32.Build.0 = Debug|x86
		{A5B4DD0C-FD94-4FEE-858C-42E982977AA3}.Debug|Win32.Deploy.0 = Debug|x86
		{A5B4DD0C-FD94-4FEE-858C-42E982977AA3}.Debug|x64.ActiveCfg = Debug|x64
		{A5B4DD0C-FD94-4FEE-858C-42E982977AA3}.Debug|x64.Build.0 = Debug|x64
		{A5B4DD0C-FD94-4FEE-858C-42E982977AA3}.Debug|x64.Deploy.0 = Debug|x64
		{A5B4DD0C-FD94-4FEE-858C-42E982977AA3}.Debug|x86.ActiveCfg = Debug|x86
		{A5B4DD0C-FD94-4FEE-858C-42E982977AA3}.Debug|x86.Build.0 = Debug|x86
		{A5B4DD0C-FD94-4FEE-858C-42E982977AA3}.Debug|x86.Deploy.0 = Debug|x86
		{A5B4DD0C-FD94-4FEE-858C-42E982977AA3}.Release|ARM.ActiveCfg = Release|ARM
		{A5B4DD0C-FD94-4FEE-858C-42E982977AA3}.Release|ARM.Build.0 = Release|ARM
		{A5B4DD0C-FD94-4FEE-858C-42E982977AA3}.Release|ARM.Deploy.0 = Release|ARM
		{A5B4DD0C-FD94-4FEE-858C-42E982977AA3}.Release|Win32.ActiveCfg = Release|x86
		{A5B4DD0C-FD94-4FEE-858C-42E982977AA3}.Release|Win32.Build.0 = Release|x86
		{A5B4DD0C-FD94-4FEE-858C-42E982977AA3}.Release|Win32.Deploy.0 = Release|x86
		{A5B4DD0C-FD94-4FEE-858C-42E982977AA3}.Release|x64.ActiveCfg = Release|x64
		{A5B4DD0C-FD94-4FEE-858C-42E982977AA3}.Release|x64.Build.0 = Release|x64
		{A5B4DD0C-FD94-4FEE-858C-42E982977AA3}.Release|x64.Deploy.0 = Release|x64
		{A5B4DD0C-FD94-4FEE-858C-42E982977AA3}.Release|x86.ActiveCfg = Release|x86
		{A5B4DD0C-FD94-4FEE-858C-42E982977AA3}.Release|x86.Build.0 = Release|x86
		{A5B4DD0C-FD94-4FEE-858C-42E982977AA3}.Release|x86.Deploy.0 = Release|x86
		{04502B05-6C7F-44FF-B53A-516B8FBF8A2E}.Debug|ARM.ActiveCfg = Debug|ARM
		{04502B05-6C7F-44FF-B53A-516B8FBF8A2E}.Debug|ARM.Build.0 = Debug|ARM
		{04502B05-6C7F-44FF-B53A-516B8FBF8A2E}.Debug|ARM.Deploy.0 = Debug|ARM
		{04502B05-6C7F-44FF-B53A-516B8FBF8A2E}.Debug|Win32.ActiveCfg = Debug|x86
		{04502B05-6C7F-44FF-B53A-516B8FBF8A2E}.Debug|Win32.Build.0 = Debug|x86
		{04502B05-6C7F-44FF-B53A-516B8FBF8A2E}.Debug|Win32.Deploy.0 = Debug|x86
		{04502B05-6C7F-44FF-B53A-516B8FBF8A2E}.Debug|x64.ActiveCfg = Debug|x86
		{04502B05-6C7F-44FF-B53A-516B8FBF8A2E}.Debug|x86.ActiveCfg = Debug|x86
		{04502B05-6C7F-44FF-B53A-516B8FBF8A2E}.Debug|x86.Build.0 = Debug|x86
		{04502B05-6C7F-44FF-B53A-516B8FBF8A2E}.Debug|x86.Deploy.0 = Debug|x86
		{04502B05-6C7F-44FF-B53A-516B8FBF8A2E}.Release|ARM.ActiveCfg = Release|ARM
		{04502B05-6C7F-44FF-B53A-516B8FBF8A2E}.Release|ARM.Build.0 = Release|ARM
		{04502B05-6C7F-44FF-B53A-516B8FBF8A2E}.Release|ARM.Deploy.0 = Release|ARM
		{04502B05-6C7F-44FF-B53A-516B8FBF8A2E}.Release|Win32.ActiveCfg = Release|x86
		{04502B05-6C7F-44FF-B53A-516B8FBF8A2E}.Release|Win32.Build.0 = Release|x86
		{04502B05-6C7F-44FF-B53A-516B8FBF8A2E}.Release|Win32.Deploy.0 = Release|x86
		{04502B05-6C7F-44FF-B53A-516B8FBF8A2E}.Release|x64.ActiveCfg = Release|x86
		{04502B05-6C7F-44FF-B53A-516B8FBF8A2E}.Release|x86.ActiveCfg = Release|x86
		{04502B05-6C7F-44FF-B53A-516B8FBF8A2E}.Release|x86.Build.0 = Release|x86
		{04502B05-6C7F-44FF-B53A-516B8FBF8A2E}.Release|x86.Deploy.0 = Release|x86
	EndGlobalSection
	GlobalSection(SolutionProperties) = preSolution
		HideSolutionNode = FALSE
	EndGlobalSection
	GlobalSection(NestedProjects) = preSolution
		{1E449FD2-E101-42CA-8168-54999A48A511} = {E77879B3-BBCA-404D-A417-9033C0059CE2}
		{7AAD1116-CF26-42E2-842B-0400748F47AF} = {E77879B3-BBCA-404D-A417-9033C0059CE2}
		{3F8E6CEA-EBDE-42C5-935B-07D5008B96CC} = {E77879B3-BBCA-404D-A417-9033C0059CE2}
		{46845B3B-8F2F-48E0-98ED-5418CB091D6D} = {8F669256-A076-462B-9CF5-E225CDD8C46C}
		{A5B4DD0C-FD94-4FEE-858C-42E982977AA3} = {8F669256-A076-462B-9CF5-E225CDD8C46C}
		{04502B05-6C7F-44FF-B53A-516B8FBF8A2E} = {8F669256-A076-462B-9CF5-E225CDD8C46C}
	EndGlobalSection
EndGlobal
